// !$*UTF8*$!
{
	archiveVersion = 1;
	classes = {
	};
	objectVersion = 60;
	objects = {

/* Begin PBXBuildFile section */
		EAB001000000000000000011 /* App.swift in Sources */ = {isa = PBXBuildFile; fileRef = EAB001000000000000000101 /* App.swift */; };
		EAB001000000000000000012 /* CameraView.swift in Sources */ = {isa = PBXBuildFile; fileRef = EAB001000000000000000102 /* CameraView.swift */; };
		EAB001000000000000000013 /* CameraViewController.swift in Sources */ = {isa = PBXBuildFile; fileRef = EAB001000000000000000103 /* CameraViewController.swift */; };
		EAB001000000000000000014 /* DetectionPipeline.swift in Sources */ = {isa = PBXBuildFile; fileRef = EAB001000000000000000104 /* DetectionPipeline.swift */; };
		EAB001000000000000000015 /* OverlayRenderer.swift in Sources */ = {isa = PBXBuildFile; fileRef = EAB001000000000000000105 /* OverlayRenderer.swift */; };
		EAB001000000000000000020 /* Assets.xcassets in Resources */ = {isa = PBXBuildFile; fileRef = EAB001000000000000000107 /* Assets.xcassets */; };
/* End PBXBuildFile section */

/* Begin PBXFileReference section */
		EAB001000000000000000101 /* App.swift */ = {isa = PBXFileReference; lastKnownFileType = sourcecode.swift; path = App.swift; sourceTree = "<group>"; };
		EAB001000000000000000102 /* CameraView.swift */ = {isa = PBXFileReference; lastKnownFileType = sourcecode.swift; path = CameraView.swift; sourceTree = "<group>"; };
		EAB001000000000000000103 /* CameraViewController.swift */ = {isa = PBXFileReference; lastKnownFileType = sourcecode.swift; path = CameraViewController.swift; sourceTree = "<group>"; };
		EAB001000000000000000104 /* DetectionPipeline.swift */ = {isa = PBXFileReference; lastKnownFileType = sourcecode.swift; path = DetectionPipeline.swift; sourceTree = "<group>"; };
		EAB001000000000000000105 /* OverlayRenderer.swift */ = {isa = PBXFileReference; lastKnownFileType = sourcecode.swift; path = OverlayRenderer.swift; sourceTree = "<group>"; };
		EAB001000000000000000106 /* Info.plist */ = {isa = PBXFileReference; lastKnownFileType = text.plist.xml; path = Info.plist; sourceTree = "<group>"; };
		EAB001000000000000000107 /* Assets.xcassets */ = {isa = PBXFileReference; lastKnownFileType = folder.assetcatalog; path = Assets.xcassets; sourceTree = "<group>"; };
		EAB001000000000000000108 /* RealTimeDetectApp.app */ = {isa = PBXFileReference; explicitFileType = wrapper.application; path = RealTimeDetectApp.app; sourceTree = BUILT_PRODUCTS_DIR; };
/* End PBXFileReference section */

/* Begin PBXFrameworksBuildPhase section */
		EAB001000000000000000004 /* Frameworks */ = {
			isa = PBXFrameworksBuildPhase;
			buildActionMask = 2147483647;
			files = (
			);
			runOnlyForDeploymentPostprocessing = 0;
		};
/* End PBXFrameworksBuildPhase section */

/* Begin PBXGroup section */
		EAB001000000000000000000202 /* Products */ = {
			isa = PBXGroup;
			children = (
				EAB001000000000000000108 /* RealTimeDetectApp.app */,
			);
			name = Products;
			sourceTree = "<group>";
		};
		EAB001000000000000000201 = {
			isa = PBXGroup;
			children = (
				EAB001000000000000000101 /* App.swift */,
				EAB001000000000000000000202 /* Products */,
				EAB001000000000000000102 /* CameraView.swift */,
				EAB001000000000000000103 /* CameraViewController.swift */,
				EAB001000000000000000104 /* DetectionPipeline.swift */,
				EAB001000000000000000105 /* OverlayRenderer.swift */,
				EAB001000000000000000106 /* Info.plist */,
				EAB001000000000000000107 /* Assets.xcassets */,
			);
			sourceTree = "<group>";
		};
/* End PBXGroup section */

/* Begin PBXNativeTarget section */
		EAB001000000000000000002 /* RealTimeDetectApp */ = {
			isa = PBXNativeTarget;
			buildConfigurationList = EAB001000000000000000006 /* Build configuration list for PBXNativeTarget "RealTimeDetectApp" */;
			buildPhases = (
				EAB001000000000000000003 /* Sources */,
				EAB001000000000000000004 /* Frameworks */,
				EAB001000000000000000005 /* Resources */,
			);
			buildRules = (
			);
			dependencies = (
			);
			name = RealTimeDetectApp;
			productName = RealTimeDetectApp;
			productReference = EAB001000000000000000108 /* RealTimeDetectApp.app */;
			productType = "com.apple.product-type.application";
		};
/* End PBXNativeTarget section */

/* Begin PBXProject section */
		EAB001000000000000000001 /* Project object */ = {
			isa = PBXProject;
			attributes = {
				LastUpgradeCheck = 1530;
				TargetAttributes = {
					EAB001000000000000000002 = {
						ProvisioningStyle = Automatic;
					};
				};
			};
			buildConfigurationList = EAB001000000000000000016 /* Build configuration list for PBXProject "RealTimeDetectApp" */;
			compatibilityVersion = "Xcode 15.0";
			developmentRegion = en;
			hasScannedForEncodings = 0;
			knownRegions = (
				en,
			);
			mainGroup = EAB001000000000000000201;
			productRefGroup = EAB001000000000000000000202 /* Products */;
			projectDirPath = "";
			projectRoot = "";
			targets = (
				EAB001000000000000000002 /* RealTimeDetectApp */,
			);
		};
/* End PBXProject section */

/* Begin PBXResourcesBuildPhase section */
		EAB001000000000000000005 /* Resources */ = {
			isa = PBXResourcesBuildPhase;
			buildActionMask = 2147483647;
			files = (
				EAB001000000000000000020 /* Assets.xcassets in Resources */,
			);
			runOnlyForDeploymentPostprocessing = 0;
		};
/* End PBXResourcesBuildPhase section */

/* Begin PBXSourcesBuildPhase section */
		EAB001000000000000000003 /* Sources */ = {
			isa = PBXSourcesBuildPhase;
			buildActionMask = 2147483647;
			files = (
				EAB001000000000000000011 /* App.swift in Sources */,
				EAB001000000000000000012 /* CameraView.swift in Sources */,
				EAB001000000000000000013 /* CameraViewController.swift in Sources */,
				EAB001000000000000000014 /* DetectionPipeline.swift in Sources */,
				EAB001000000000000000015 /* OverlayRenderer.swift in Sources */,
			);
			runOnlyForDeploymentPostprocessing = 0;
		};
/* End PBXSourcesBuildPhase section */

/* Begin XCBuildConfiguration section */
		EAB001000000000000000301 /* Debug */ = {
			isa = XCBuildConfiguration;
			buildSettings = {
				ASSETCATALOG_COMPILER_APPICON_NAME = AppIcon;
				CODE_SIGNING_ALLOWED = YES;
				CODE_SIGNING_REQUIRED = YES;
				CODE_SIGN_STYLE = Automatic;
				DEVELOPMENT_TEAM = AC64Q45XNT;
				INFOPLIST_FILE = Info.plist;
				IPHONEOS_DEPLOYMENT_TARGET = 17.0;
				LD_RUNPATH_SEARCH_PATHS = (
					"$(inherited)",
					"@executable_path/Frameworks",
				);
				PRODUCT_BUNDLE_IDENTIFIER = com.yoloset.RealTimeDetectApp;
				PRODUCT_NAME = RealTimeDetectApp;
				SDKROOT = iphoneos;
				SUPPORTED_PLATFORMS = "iphoneos iphonesimulator";
				SUPPORTS_MACCATALYST = NO;
				SUPPORTS_MAC_DESIGNED_FOR_IPHONE_IPAD = NO;
				SUPPORTS_XR_DESIGNED_FOR_IPHONE_IPAD = NO;
				SWIFT_VERSION = 5.0;
				TARGETED_DEVICE_FAMILY = 1;
			};
			name = Debug;
		};
		EAB001000000000000000302 /* Release */ = {
			isa = XCBuildConfiguration;
			buildSettings = {
				ASSETCATALOG_COMPILER_APPICON_NAME = AppIcon;
				CODE_SIGNING_ALLOWED = YES;
				CODE_SIGNING_REQUIRED = YES;
				CODE_SIGN_STYLE = Automatic;
				DEVELOPMENT_TEAM = AC64Q45XNT;
				INFOPLIST_FILE = Info.plist;
				IPHONEOS_DEPLOYMENT_TARGET = 17.0;
				LD_RUNPATH_SEARCH_PATHS = (
					"$(inherited)",
					"@executable_path/Frameworks",
				);
				PRODUCT_BUNDLE_IDENTIFIER = com.yoloset.RealTimeDetectApp;
				PRODUCT_NAME = RealTimeDetectApp;
				SDKROOT = iphoneos;
				SUPPORTED_PLATFORMS = "iphoneos iphonesimulator";
				SUPPORTS_MACCATALYST = NO;
				SUPPORTS_MAC_DESIGNED_FOR_IPHONE_IPAD = NO;
				SUPPORTS_XR_DESIGNED_FOR_IPHONE_IPAD = NO;
				SWIFT_VERSION = 5.0;
				TARGETED_DEVICE_FAMILY = 1;
			};
			name = Release;
		};
/* End XCBuildConfiguration section */

/* Begin XCConfigurationList section */
		EAB001000000000000000006 /* Build configuration list for PBXNativeTarget "RealTimeDetectApp" */ = {
			isa = XCConfigurationList;
			buildConfigurations = (
				EAB001000000000000000301 /* Debug */,
				EAB001000000000000000302 /* Release */,
			);
			defaultConfigurationIsVisible = 0;
			defaultConfigurationName = Debug;
		};
		EAB001000000000000000016 /* Build configuration list for PBXProject "RealTimeDetectApp" */ = {
			isa = XCConfigurationList;
			buildConfigurations = (
				EAB001000000000000000301 /* Debug */,
				EAB001000000000000000302 /* Release */,
			);
			defaultConfigurationIsVisible = 0;
			defaultConfigurationName = Debug;
		};
/* End XCConfigurationList section */
	};
	rootObject = EAB001000000000000000001 /* Project object */;
}